
Microsoft Visual Studio Solution File, Format Version 12.00
# Visual Studio Version 17
VisualStudioVersion = 17.13.35931.197 d17.13
MinimumVisualStudioVersion = 10.0.40219.1
Project("{FAE04EC0-301F-11D3-BF4B-00C04F79EFBC}") = "To Do List Application", "To Do List Application\To Do List Application.csproj", "{95C59B89-3D77-4FB6-845F-4165821AAA15}"
EndProject
Global
	GlobalSection(SolutionConfigurationPlatforms) = preSolution
		Debug|Any CPU = Debug|Any CPU
		Release|Any CPU = Release|Any CPU
	EndGlobalSection
	GlobalSection(ProjectConfigurationPlatforms) = postSolution
		{95C59B89-3D77-4FB6-845F-4165821AAA15}.Debug|Any CPU.ActiveCfg = Debug|Any CPU
		{95C59B89-3D77-4FB6-845F-4165821AAA15}.Debug|Any CPU.Build.0 = Debug|Any CPU
		{95C59B89-3D77-4FB6-845F-4165821AAA15}.Release|Any CPU.ActiveCfg = Release|Any CPU
		{95C59B89-3D77-4FB6-845F-4165821AAA15}.Release|Any CPU.Build.0 = Release|Any CPU
	EndGlobalSection
	GlobalSection(SolutionProperties) = preSolution
		HideSolutionNode = FALSE
	EndGlobalSection
	GlobalSection(ExtensibilityGlobals) = postSolution
		SolutionGuid = {E1181DE6-52B9-4EAD-853A-9DDB97879CCE}
	EndGlobalSection
EndGlobal
